
Microsoft Visual Studio Solution File, Format Version 12.00
# Visual Studio Version 17
VisualStudioVersion = 17.14.36221.1 d17.14
MinimumVisualStudioVersion = 10.0.40219.1
Project("{FAE04EC0-301F-11D3-BF4B-00C04F79EFBC}") = "Pepito_Dastru", "Pepito_Dastru\Pepito_Dastru.csproj", "{B484533E-C5D8-464E-8DE3-88E196EA8F45}"
EndProject
Global
	GlobalSection(SolutionConfigurationPlatforms) = preSolution
		Debug|Any CPU = Debug|Any CPU
		Release|Any CPU = Release|Any CPU
	EndGlobalSection
	GlobalSection(ProjectConfigurationPlatforms) = postSolution
		{B484533E-C5D8-464E-8DE3-88E196EA8F45}.Debug|Any CPU.ActiveCfg = Debug|Any CPU
		{B484533E-C5D8-464E-8DE3-88E196EA8F45}.Debug|Any CPU.Build.0 = Debug|Any CPU
		{B484533E-C5D8-464E-8DE3-88E196EA8F45}.Release|Any CPU.ActiveCfg = Release|Any CPU
		{B484533E-C5D8-464E-8DE3-88E196EA8F45}.Release|Any CPU.Build.0 = Release|Any CPU
	EndGlobalSection
	GlobalSection(SolutionProperties) = preSolution
		HideSolutionNode = FALSE
	EndGlobalSection
	GlobalSection(ExtensibilityGlobals) = postSolution
		SolutionGuid = {B6E66E48-D20D-4533-B730-A93D6DA23D75}
	EndGlobalSection
EndGlobal
